
Microsoft Visual Studio Solution File, Format Version 12.00
# Visual Studio Version 16
VisualStudioVersion = 16.0.29201.188
MinimumVisualStudioVersion = 10.0.40219.1
Project("{9A19103F-16F7-4668-BE54-9A1E7A4F7556}") = "Remboard", "Site\Remboard.csproj", "{336AEE00-9479-4689-BB49-B43B5D8C0597}"
EndProject
Project("{2150E333-8FDC-42A3-9474-1A3956D46DE8}") = "Features", "Features", "{95FEB055-DF00-448D-8865-1A81892CF65D}"
EndProject
Project("{9A19103F-16F7-4668-BE54-9A1E7A4F7556}") = "Users", "Features\Users\Users.csproj", "{1D1CFDC8-F4AC-4BB8-882A-F2F4E96BCAA9}"
EndProject
Project("{9A19103F-16F7-4668-BE54-9A1E7A4F7556}") = "Common", "Common\Common.csproj", "{C73D1886-4F74-40F6-8181-FE3BA8E4B163}"
EndProject
Project("{2150E333-8FDC-42A3-9474-1A3956D46DE8}") = "ComposerProjects", "ComposerProjects", "{49666E7F-5E37-4DE1-8D0D-92DD709A1AA4}"
EndProject
Project("{9A19103F-16F7-4668-BE54-9A1E7A4F7556}") = "Composer.Base", "ComposerProjects\Composer.Base\Composer.Base.csproj", "{9B6A69FA-333A-4185-BFC6-883FDCB364B5}"
EndProject
Project("{FAE04EC0-301F-11D3-BF4B-00C04F79EFBC}") = "Orders", "Features\Orders\Orders.csproj", "{2FFF52CE-310C-4D8D-BE98-445DC3927575}"
EndProject
Global
	GlobalSection(SolutionConfigurationPlatforms) = preSolution
		Debug|Any CPU = Debug|Any CPU
		Release|Any CPU = Release|Any CPU
	EndGlobalSection
	GlobalSection(ProjectConfigurationPlatforms) = postSolution
		{336AEE00-9479-4689-BB49-B43B5D8C0597}.Debug|Any CPU.ActiveCfg = Debug|Any CPU
		{336AEE00-9479-4689-BB49-B43B5D8C0597}.Debug|Any CPU.Build.0 = Debug|Any CPU
		{336AEE00-9479-4689-BB49-B43B5D8C0597}.Release|Any CPU.ActiveCfg = Release|Any CPU
		{336AEE00-9479-4689-BB49-B43B5D8C0597}.Release|Any CPU.Build.0 = Release|Any CPU
		{1D1CFDC8-F4AC-4BB8-882A-F2F4E96BCAA9}.Debug|Any CPU.ActiveCfg = Debug|Any CPU
		{1D1CFDC8-F4AC-4BB8-882A-F2F4E96BCAA9}.Debug|Any CPU.Build.0 = Debug|Any CPU
		{1D1CFDC8-F4AC-4BB8-882A-F2F4E96BCAA9}.Release|Any CPU.ActiveCfg = Release|Any CPU
		{1D1CFDC8-F4AC-4BB8-882A-F2F4E96BCAA9}.Release|Any CPU.Build.0 = Release|Any CPU
		{C73D1886-4F74-40F6-8181-FE3BA8E4B163}.Debug|Any CPU.ActiveCfg = Debug|Any CPU
		{C73D1886-4F74-40F6-8181-FE3BA8E4B163}.Debug|Any CPU.Build.0 = Debug|Any CPU
		{C73D1886-4F74-40F6-8181-FE3BA8E4B163}.Release|Any CPU.ActiveCfg = Release|Any CPU
		{C73D1886-4F74-40F6-8181-FE3BA8E4B163}.Release|Any CPU.Build.0 = Release|Any CPU
		{9B6A69FA-333A-4185-BFC6-883FDCB364B5}.Debug|Any CPU.ActiveCfg = Debug|Any CPU
		{9B6A69FA-333A-4185-BFC6-883FDCB364B5}.Debug|Any CPU.Build.0 = Debug|Any CPU
		{9B6A69FA-333A-4185-BFC6-883FDCB364B5}.Release|Any CPU.ActiveCfg = Release|Any CPU
		{9B6A69FA-333A-4185-BFC6-883FDCB364B5}.Release|Any CPU.Build.0 = Release|Any CPU
		{2FFF52CE-310C-4D8D-BE98-445DC3927575}.Debug|Any CPU.ActiveCfg = Debug|Any CPU
		{2FFF52CE-310C-4D8D-BE98-445DC3927575}.Debug|Any CPU.Build.0 = Debug|Any CPU
		{2FFF52CE-310C-4D8D-BE98-445DC3927575}.Release|Any CPU.ActiveCfg = Release|Any CPU
		{2FFF52CE-310C-4D8D-BE98-445DC3927575}.Release|Any CPU.Build.0 = Release|Any CPU
	EndGlobalSection
	GlobalSection(SolutionProperties) = preSolution
		HideSolutionNode = FALSE
	EndGlobalSection
	GlobalSection(NestedProjects) = preSolution
		{1D1CFDC8-F4AC-4BB8-882A-F2F4E96BCAA9} = {95FEB055-DF00-448D-8865-1A81892CF65D}
		{9B6A69FA-333A-4185-BFC6-883FDCB364B5} = {49666E7F-5E37-4DE1-8D0D-92DD709A1AA4}
		{2FFF52CE-310C-4D8D-BE98-445DC3927575} = {95FEB055-DF00-448D-8865-1A81892CF65D}
	EndGlobalSection
	GlobalSection(ExtensibilityGlobals) = postSolution
		SolutionGuid = {0AAD1028-545F-4EAE-9CFF-99E9DD9B4A04}
	EndGlobalSection
EndGlobal
